
Microsoft Visual Studio Solution File, Format Version 12.00
# Visual Studio Version 16
VisualStudioVersion = 16.0.29306.81
MinimumVisualStudioVersion = 10.0.40219.1
Project("{FAE04EC0-301F-11D3-BF4B-00C04F79EFBC}") = "Calculator", "Calculator.csproj", "{4269F9D6-80C7-45E1-9F48-4FF78839F406}"
EndProject
Project("{2150E333-8FDC-42A3-9474-1A3956D46DE8}") = "Solution Items", "Solution Items", "{CF0CC7B9-7783-493C-9595-D9F7830F0A55}"
	ProjectSection(SolutionItems) = preProject
		.editorconfig = .editorconfig
	EndProjectSection
EndProject
Project("{FAE04EC0-301F-11D3-BF4B-00C04F79EFBC}") = "Calculator_UnitTest", "Calculator_UnitTest\Calculator_UnitTest.csproj", "{A21F43C0-417E-4018-BAC2-16E1054CCC5E}"
EndProject
Global
	GlobalSection(SolutionConfigurationPlatforms) = preSolution
		Debug|Any CPU = Debug|Any CPU
		Release|Any CPU = Release|Any CPU
	EndGlobalSection
	GlobalSection(ProjectConfigurationPlatforms) = postSolution
		{4269F9D6-80C7-45E1-9F48-4FF78839F406}.Debug|Any CPU.ActiveCfg = Debug|Any CPU
		{4269F9D6-80C7-45E1-9F48-4FF78839F406}.Debug|Any CPU.Build.0 = Debug|Any CPU
		{4269F9D6-80C7-45E1-9F48-4FF78839F406}.Release|Any CPU.ActiveCfg = Release|Any CPU
		{4269F9D6-80C7-45E1-9F48-4FF78839F406}.Release|Any CPU.Build.0 = Release|Any CPU
		{A21F43C0-417E-4018-BAC2-16E1054CCC5E}.Debug|Any CPU.ActiveCfg = Debug|Any CPU
		{A21F43C0-417E-4018-BAC2-16E1054CCC5E}.Debug|Any CPU.Build.0 = Debug|Any CPU
		{A21F43C0-417E-4018-BAC2-16E1054CCC5E}.Release|Any CPU.ActiveCfg = Release|Any CPU
		{A21F43C0-417E-4018-BAC2-16E1054CCC5E}.Release|Any CPU.Build.0 = Release|Any CPU
	EndGlobalSection
	GlobalSection(SolutionProperties) = preSolution
		HideSolutionNode = FALSE
	EndGlobalSection
	GlobalSection(ExtensibilityGlobals) = postSolution
		SolutionGuid = {191C3DFE-01D9-4215-8D35-1AB62A8C9144}
	EndGlobalSection
EndGlobal
